
Microsoft Visual Studio Solution File, Format Version 12.00
# Visual Studio Version 16
VisualStudioVersion = 16.0.31129.286
MinimumVisualStudioVersion = 10.0.40219.1
Project("{9A19103F-16F7-4668-BE54-9A1E7A4F7556}") = "WSSindicato", "WSSindicato\WSSindicato.csproj", "{01BDCDA1-8366-42F0-8ECB-56F45BB9E0AA}"
EndProject
Project("{9A19103F-16F7-4668-BE54-9A1E7A4F7556}") = "Sindicato.common", "Sindicato.common\Sindicato.common.csproj", "{B416B625-538E-41BB-A9C6-AB6F0E0B07E3}"
EndProject
Project("{FAE04EC0-301F-11D3-BF4B-00C04F79EFBC}") = "Sindicato.prism", "Sindicato.prism\Sindicato.prism\Sindicato.prism.csproj", "{7C9F79BE-0983-4B30-BC36-F0D113DD7037}"
EndProject
Project("{FAE04EC0-301F-11D3-BF4B-00C04F79EFBC}") = "Sindicato.prism.Android", "Sindicato.prism\Sindicato.prism.Android\Sindicato.prism.Android.csproj", "{A25391E0-C053-4195-86E5-B794786C12A3}"
EndProject
Global
	GlobalSection(SolutionConfigurationPlatforms) = preSolution
		Ad-Hoc|Any CPU = Ad-Hoc|Any CPU
		Ad-Hoc|iPhone = Ad-Hoc|iPhone
		Ad-Hoc|iPhoneSimulator = Ad-Hoc|iPhoneSimulator
		AppStore|Any CPU = AppStore|Any CPU
		AppStore|iPhone = AppStore|iPhone
		AppStore|iPhoneSimulator = AppStore|iPhoneSimulator
		Debug|Any CPU = Debug|Any CPU
		Debug|iPhone = Debug|iPhone
		Debug|iPhoneSimulator = Debug|iPhoneSimulator
		Release|Any CPU = Release|Any CPU
		Release|iPhone = Release|iPhone
		Release|iPhoneSimulator = Release|iPhoneSimulator
	EndGlobalSection
	GlobalSection(ProjectConfigurationPlatforms) = postSolution
		{01BDCDA1-8366-42F0-8ECB-56F45BB9E0AA}.Ad-Hoc|Any CPU.ActiveCfg = Release|Any CPU
		{01BDCDA1-8366-42F0-8ECB-56F45BB9E0AA}.Ad-Hoc|Any CPU.Build.0 = Release|Any CPU
		{01BDCDA1-8366-42F0-8ECB-56F45BB9E0AA}.Ad-Hoc|iPhone.ActiveCfg = Release|Any CPU
		{01BDCDA1-8366-42F0-8ECB-56F45BB9E0AA}.Ad-Hoc|iPhone.Build.0 = Release|Any CPU
		{01BDCDA1-8366-42F0-8ECB-56F45BB9E0AA}.Ad-Hoc|iPhoneSimulator.ActiveCfg = Release|Any CPU
		{01BDCDA1-8366-42F0-8ECB-56F45BB9E0AA}.Ad-Hoc|iPhoneSimulator.Build.0 = Release|Any CPU
		{01BDCDA1-8366-42F0-8ECB-56F45BB9E0AA}.AppStore|Any CPU.ActiveCfg = Release|Any CPU
		{01BDCDA1-8366-42F0-8ECB-56F45BB9E0AA}.AppStore|Any CPU.Build.0 = Release|Any CPU
		{01BDCDA1-8366-42F0-8ECB-56F45BB9E0AA}.AppStore|iPhone.ActiveCfg = Release|Any CPU
		{01BDCDA1-8366-42F0-8ECB-56F45BB9E0AA}.AppStore|iPhone.Build.0 = Release|Any CPU
		{01BDCDA1-8366-42F0-8ECB-56F45BB9E0AA}.AppStore|iPhoneSimulator.ActiveCfg = Release|Any CPU
		{01BDCDA1-8366-42F0-8ECB-56F45BB9E0AA}.AppStore|iPhoneSimulator.Build.0 = Release|Any CPU
		{01BDCDA1-8366-42F0-8ECB-56F45BB9E0AA}.Debug|Any CPU.ActiveCfg = Debug|Any CPU
		{01BDCDA1-8366-42F0-8ECB-56F45BB9E0AA}.Debug|Any CPU.Build.0 = Debug|Any CPU
		{01BDCDA1-8366-42F0-8ECB-56F45BB9E0AA}.Debug|iPhone.ActiveCfg = Debug|Any CPU
		{01BDCDA1-8366-42F0-8ECB-56F45BB9E0AA}.Debug|iPhone.Build.0 = Debug|Any CPU
		{01BDCDA1-8366-42F0-8ECB-56F45BB9E0AA}.Debug|iPhoneSimulator.ActiveCfg = Debug|Any CPU
		{01BDCDA1-8366-42F0-8ECB-56F45BB9E0AA}.Debug|iPhoneSimulator.Build.0 = Debug|Any CPU
		{01BDCDA1-8366-42F0-8ECB-56F45BB9E0AA}.Release|Any CPU.ActiveCfg = Release|Any CPU
		{01BDCDA1-8366-42F0-8ECB-56F45BB9E0AA}.Release|Any CPU.Build.0 = Release|Any CPU
		{01BDCDA1-8366-42F0-8ECB-56F45BB9E0AA}.Release|iPhone.ActiveCfg = Release|Any CPU
		{01BDCDA1-8366-42F0-8ECB-56F45BB9E0AA}.Release|iPhone.Build.0 = Release|Any CPU
		{01BDCDA1-8366-42F0-8ECB-56F45BB9E0AA}.Release|iPhoneSimulator.ActiveCfg = Release|Any CPU
		{01BDCDA1-8366-42F0-8ECB-56F45BB9E0AA}.Release|iPhoneSimulator.Build.0 = Release|Any CPU
		{B416B625-538E-41BB-A9C6-AB6F0E0B07E3}.Ad-Hoc|Any CPU.ActiveCfg = Debug|Any CPU
		{B416B625-538E-41BB-A9C6-AB6F0E0B07E3}.Ad-Hoc|Any CPU.Build.0 = Debug|Any CPU
		{B416B625-538E-41BB-A9C6-AB6F0E0B07E3}.Ad-Hoc|iPhone.ActiveCfg = Debug|Any CPU
		{B416B625-538E-41BB-A9C6-AB6F0E0B07E3}.Ad-Hoc|iPhone.Build.0 = Debug|Any CPU
		{B416B625-538E-41BB-A9C6-AB6F0E0B07E3}.Ad-Hoc|iPhoneSimulator.ActiveCfg = Debug|Any CPU
		{B416B625-538E-41BB-A9C6-AB6F0E0B07E3}.Ad-Hoc|iPhoneSimulator.Build.0 = Debug|Any CPU
		{B416B625-538E-41BB-A9C6-AB6F0E0B07E3}.AppStore|Any CPU.ActiveCfg = Debug|Any CPU
		{B416B625-538E-41BB-A9C6-AB6F0E0B07E3}.AppStore|Any CPU.Build.0 = Debug|Any CPU
		{B416B625-538E-41BB-A9C6-AB6F0E0B07E3}.AppStore|iPhone.ActiveCfg = Debug|Any CPU
		{B416B625-538E-41BB-A9C6-AB6F0E0B07E3}.AppStore|iPhone.Build.0 = Debug|Any CPU
		{B416B625-538E-41BB-A9C6-AB6F0E0B07E3}.AppStore|iPhoneSimulator.ActiveCfg = Debug|Any CPU
		{B416B625-538E-41BB-A9C6-AB6F0E0B07E3}.AppStore|iPhoneSimulator.Build.0 = Debug|Any CPU
		{B416B625-538E-41BB-A9C6-AB6F0E0B07E3}.Debug|Any CPU.ActiveCfg = Debug|Any CPU
		{B416B625-538E-41BB-A9C6-AB6F0E0B07E3}.Debug|Any CPU.Build.0 = Debug|Any CPU
		{B416B625-538E-41BB-A9C6-AB6F0E0B07E3}.Debug|iPhone.ActiveCfg = Debug|Any CPU
		{B416B625-538E-41BB-A9C6-AB6F0E0B07E3}.Debug|iPhone.Build.0 = Debug|Any CPU
		{B416B625-538E-41BB-A9C6-AB6F0E0B07E3}.Debug|iPhoneSimulator.ActiveCfg = Debug|Any CPU
		{B416B625-538E-41BB-A9C6-AB6F0E0B07E3}.Debug|iPhoneSimulator.Build.0 = Debug|Any CPU
		{B416B625-538E-41BB-A9C6-AB6F0E0B07E3}.Release|Any CPU.ActiveCfg = Release|Any CPU
		{B416B625-538E-41BB-A9C6-AB6F0E0B07E3}.Release|Any CPU.Build.0 = Release|Any CPU
		{B416B625-538E-41BB-A9C6-AB6F0E0B07E3}.Release|iPhone.ActiveCfg = Release|Any CPU
		{B416B625-538E-41BB-A9C6-AB6F0E0B07E3}.Release|iPhone.Build.0 = Release|Any CPU
		{B416B625-538E-41BB-A9C6-AB6F0E0B07E3}.Release|iPhoneSimulator.ActiveCfg = Release|Any CPU
		{B416B625-538E-41BB-A9C6-AB6F0E0B07E3}.Release|iPhoneSimulator.Build.0 = Release|Any CPU
		{7C9F79BE-0983-4B30-BC36-F0D113DD7037}.Ad-Hoc|Any CPU.ActiveCfg = Debug|Any CPU
		{7C9F79BE-0983-4B30-BC36-F0D113DD7037}.Ad-Hoc|Any CPU.Build.0 = Debug|Any CPU
		{7C9F79BE-0983-4B30-BC36-F0D113DD7037}.Ad-Hoc|iPhone.ActiveCfg = Debug|Any CPU
		{7C9F79BE-0983-4B30-BC36-F0D113DD7037}.Ad-Hoc|iPhone.Build.0 = Debug|Any CPU
		{7C9F79BE-0983-4B30-BC36-F0D113DD7037}.Ad-Hoc|iPhoneSimulator.ActiveCfg = Debug|Any CPU
		{7C9F79BE-0983-4B30-BC36-F0D113DD7037}.Ad-Hoc|iPhoneSimulator.Build.0 = Debug|Any CPU
		{7C9F79BE-0983-4B30-BC36-F0D113DD7037}.AppStore|Any CPU.ActiveCfg = Debug|Any CPU
		{7C9F79BE-0983-4B30-BC36-F0D113DD7037}.AppStore|Any CPU.Build.0 = Debug|Any CPU
		{7C9F79BE-0983-4B30-BC36-F0D113DD7037}.AppStore|iPhone.ActiveCfg = Debug|Any CPU
		{7C9F79BE-0983-4B30-BC36-F0D113DD7037}.AppStore|iPhone.Build.0 = Debug|Any CPU
		{7C9F79BE-0983-4B30-BC36-F0D113DD7037}.AppStore|iPhoneSimulator.ActiveCfg = Debug|Any CPU
		{7C9F79BE-0983-4B30-BC36-F0D113DD7037}.AppStore|iPhoneSimulator.Build.0 = Debug|Any CPU
		{7C9F79BE-0983-4B30-BC36-F0D113DD7037}.Debug|Any CPU.ActiveCfg = Debug|Any CPU
		{7C9F79BE-0983-4B30-BC36-F0D113DD7037}.Debug|Any CPU.Build.0 = Debug|Any CPU
		{7C9F79BE-0983-4B30-BC36-F0D113DD7037}.Debug|iPhone.ActiveCfg = Debug|Any CPU
		{7C9F79BE-0983-4B30-BC36-F0D113DD7037}.Debug|iPhone.Build.0 = Debug|Any CPU
		{7C9F79BE-0983-4B30-BC36-F0D113DD7037}.Debug|iPhoneSimulator.ActiveCfg = Debug|Any CPU
		{7C9F79BE-0983-4B30-BC36-F0D113DD7037}.Debug|iPhoneSimulator.Build.0 = Debug|Any CPU
		{7C9F79BE-0983-4B30-BC36-F0D113DD7037}.Release|Any CPU.ActiveCfg = Release|Any CPU
		{7C9F79BE-0983-4B30-BC36-F0D113DD7037}.Release|Any CPU.Build.0 = Release|Any CPU
		{7C9F79BE-0983-4B30-BC36-F0D113DD7037}.Release|iPhone.ActiveCfg = Release|Any CPU
		{7C9F79BE-0983-4B30-BC36-F0D113DD7037}.Release|iPhone.Build.0 = Release|Any CPU
		{7C9F79BE-0983-4B30-BC36-F0D113DD7037}.Release|iPhoneSimulator.ActiveCfg = Release|Any CPU
		{7C9F79BE-0983-4B30-BC36-F0D113DD7037}.Release|iPhoneSimulator.Build.0 = Release|Any CPU
		{A25391E0-C053-4195-86E5-B794786C12A3}.Ad-Hoc|Any CPU.ActiveCfg = Debug|Any CPU
		{A25391E0-C053-4195-86E5-B794786C12A3}.Ad-Hoc|Any CPU.Build.0 = Debug|Any CPU
		{A25391E0-C053-4195-86E5-B794786C12A3}.Ad-Hoc|Any CPU.Deploy.0 = Debug|Any CPU
		{A25391E0-C053-4195-86E5-B794786C12A3}.Ad-Hoc|iPhone.ActiveCfg = Debug|Any CPU
		{A25391E0-C053-4195-86E5-B794786C12A3}.Ad-Hoc|iPhone.Build.0 = Debug|Any CPU
		{A25391E0-C053-4195-86E5-B794786C12A3}.Ad-Hoc|iPhone.Deploy.0 = Debug|Any CPU
		{A25391E0-C053-4195-86E5-B794786C12A3}.Ad-Hoc|iPhoneSimulator.ActiveCfg = Debug|Any CPU
		{A25391E0-C053-4195-86E5-B794786C12A3}.Ad-Hoc|iPhoneSimulator.Build.0 = Debug|Any CPU
		{A25391E0-C053-4195-86E5-B794786C12A3}.Ad-Hoc|iPhoneSimulator.Deploy.0 = Debug|Any CPU
		{A25391E0-C053-4195-86E5-B794786C12A3}.AppStore|Any CPU.ActiveCfg = Debug|Any CPU
		{A25391E0-C053-4195-86E5-B794786C12A3}.AppStore|Any CPU.Build.0 = Debug|Any CPU
		{A25391E0-C053-4195-86E5-B794786C12A3}.AppStore|Any CPU.Deploy.0 = Debug|Any CPU
		{A25391E0-C053-4195-86E5-B794786C12A3}.AppStore|iPhone.ActiveCfg = Debug|Any CPU
		{A25391E0-C053-4195-86E5-B794786C12A3}.AppStore|iPhone.Build.0 = Debug|Any CPU
		{A25391E0-C053-4195-86E5-B794786C12A3}.AppStore|iPhone.Deploy.0 = Debug|Any CPU
		{A25391E0-C053-4195-86E5-B794786C12A3}.AppStore|iPhoneSimulator.ActiveCfg = Debug|Any CPU
		{A25391E0-C053-4195-86E5-B794786C12A3}.AppStore|iPhoneSimulator.Build.0 = Debug|Any CPU
		{A25391E0-C053-4195-86E5-B794786C12A3}.AppStore|iPhoneSimulator.Deploy.0 = Debug|Any CPU
		{A25391E0-C053-4195-86E5-B794786C12A3}.Debug|Any CPU.ActiveCfg = Debug|Any CPU
		{A25391E0-C053-4195-86E5-B794786C12A3}.Debug|Any CPU.Build.0 = Debug|Any CPU
		{A25391E0-C053-4195-86E5-B794786C12A3}.Debug|Any CPU.Deploy.0 = Debug|Any CPU
		{A25391E0-C053-4195-86E5-B794786C12A3}.Debug|iPhone.ActiveCfg = Debug|Any CPU
		{A25391E0-C053-4195-86E5-B794786C12A3}.Debug|iPhone.Build.0 = Debug|Any CPU
		{A25391E0-C053-4195-86E5-B794786C12A3}.Debug|iPhone.Deploy.0 = Debug|Any CPU
		{A25391E0-C053-4195-86E5-B794786C12A3}.Debug|iPhoneSimulator.ActiveCfg = Debug|Any CPU
		{A25391E0-C053-4195-86E5-B794786C12A3}.Debug|iPhoneSimulator.Build.0 = Debug|Any CPU
		{A25391E0-C053-4195-86E5-B794786C12A3}.Debug|iPhoneSimulator.Deploy.0 = Debug|Any CPU
		{A25391E0-C053-4195-86E5-B794786C12A3}.Release|Any CPU.ActiveCfg = Release|Any CPU
		{A25391E0-C053-4195-86E5-B794786C12A3}.Release|Any CPU.Build.0 = Release|Any CPU
		{A25391E0-C053-4195-86E5-B794786C12A3}.Release|Any CPU.Deploy.0 = Release|Any CPU
		{A25391E0-C053-4195-86E5-B794786C12A3}.Release|iPhone.ActiveCfg = Release|Any CPU
		{A25391E0-C053-4195-86E5-B794786C12A3}.Release|iPhone.Build.0 = Release|Any CPU
		{A25391E0-C053-4195-86E5-B794786C12A3}.Release|iPhone.Deploy.0 = Release|Any CPU
		{A25391E0-C053-4195-86E5-B794786C12A3}.Release|iPhoneSimulator.ActiveCfg = Release|Any CPU
		{A25391E0-C053-4195-86E5-B794786C12A3}.Release|iPhoneSimulator.Build.0 = Release|Any CPU
		{A25391E0-C053-4195-86E5-B794786C12A3}.Release|iPhoneSimulator.Deploy.0 = Release|Any CPU
	EndGlobalSection
	GlobalSection(SolutionProperties) = preSolution
		HideSolutionNode = FALSE
	EndGlobalSection
	GlobalSection(ExtensibilityGlobals) = postSolution
		SolutionGuid = {74E360DF-8C7A-4C8E-AF68-9BB8DC8B6946}
	EndGlobalSection
EndGlobal
