
Microsoft Visual Studio Solution File, Format Version 12.00
# Visual Studio Version 16
VisualStudioVersion = 16.0.31129.286
MinimumVisualStudioVersion = 10.0.40219.1
Project("{9A19103F-16F7-4668-BE54-9A1E7A4F7556}") = "WSSindicato", "WSSindicato\WSSindicato.csproj", "{01BDCDA1-8366-42F0-8ECB-56F45BB9E0AA}"
EndProject
Project("{FAE04EC0-301F-11D3-BF4B-00C04F79EFBC}") = "AppMovil", "AppMovil\AppMovil\AppMovil.csproj", "{2465347F-F64F-4AA2-BFEB-C3922B094237}"
EndProject
Project("{FAE04EC0-301F-11D3-BF4B-00C04F79EFBC}") = "AppMovil.Android", "AppMovil\AppMovil.Android\AppMovil.Android.csproj", "{8719D83C-B97A-4759-8507-02CBDD54975C}"
EndProject
Project("{FAE04EC0-301F-11D3-BF4B-00C04F79EFBC}") = "AppMovil.iOS", "AppMovil\AppMovil.iOS\AppMovil.iOS.csproj", "{0E388905-21EA-4DFB-A390-C9806B70092A}"
EndProject
Project("{FAE04EC0-301F-11D3-BF4B-00C04F79EFBC}") = "Sindicato.common", "Sindicato.common\Sindicato.common.csproj", "{B416B625-538E-41BB-A9C6-AB6F0E0B07E3}"
EndProject
Global
	GlobalSection(SolutionConfigurationPlatforms) = preSolution
		Ad-Hoc|Any CPU = Ad-Hoc|Any CPU
		Ad-Hoc|iPhone = Ad-Hoc|iPhone
		Ad-Hoc|iPhoneSimulator = Ad-Hoc|iPhoneSimulator
		AppStore|Any CPU = AppStore|Any CPU
		AppStore|iPhone = AppStore|iPhone
		AppStore|iPhoneSimulator = AppStore|iPhoneSimulator
		Debug|Any CPU = Debug|Any CPU
		Debug|iPhone = Debug|iPhone
		Debug|iPhoneSimulator = Debug|iPhoneSimulator
		Release|Any CPU = Release|Any CPU
		Release|iPhone = Release|iPhone
		Release|iPhoneSimulator = Release|iPhoneSimulator
	EndGlobalSection
	GlobalSection(ProjectConfigurationPlatforms) = postSolution
		{01BDCDA1-8366-42F0-8ECB-56F45BB9E0AA}.Ad-Hoc|Any CPU.ActiveCfg = Release|Any CPU
		{01BDCDA1-8366-42F0-8ECB-56F45BB9E0AA}.Ad-Hoc|Any CPU.Build.0 = Release|Any CPU
		{01BDCDA1-8366-42F0-8ECB-56F45BB9E0AA}.Ad-Hoc|iPhone.ActiveCfg = Release|Any CPU
		{01BDCDA1-8366-42F0-8ECB-56F45BB9E0AA}.Ad-Hoc|iPhone.Build.0 = Release|Any CPU
		{01BDCDA1-8366-42F0-8ECB-56F45BB9E0AA}.Ad-Hoc|iPhoneSimulator.ActiveCfg = Release|Any CPU
		{01BDCDA1-8366-42F0-8ECB-56F45BB9E0AA}.Ad-Hoc|iPhoneSimulator.Build.0 = Release|Any CPU
		{01BDCDA1-8366-42F0-8ECB-56F45BB9E0AA}.AppStore|Any CPU.ActiveCfg = Release|Any CPU
		{01BDCDA1-8366-42F0-8ECB-56F45BB9E0AA}.AppStore|Any CPU.Build.0 = Release|Any CPU
		{01BDCDA1-8366-42F0-8ECB-56F45BB9E0AA}.AppStore|iPhone.ActiveCfg = Release|Any CPU
		{01BDCDA1-8366-42F0-8ECB-56F45BB9E0AA}.AppStore|iPhone.Build.0 = Release|Any CPU
		{01BDCDA1-8366-42F0-8ECB-56F45BB9E0AA}.AppStore|iPhoneSimulator.ActiveCfg = Release|Any CPU
		{01BDCDA1-8366-42F0-8ECB-56F45BB9E0AA}.AppStore|iPhoneSimulator.Build.0 = Release|Any CPU
		{01BDCDA1-8366-42F0-8ECB-56F45BB9E0AA}.Debug|Any CPU.ActiveCfg = Debug|Any CPU
		{01BDCDA1-8366-42F0-8ECB-56F45BB9E0AA}.Debug|Any CPU.Build.0 = Debug|Any CPU
		{01BDCDA1-8366-42F0-8ECB-56F45BB9E0AA}.Debug|iPhone.ActiveCfg = Debug|Any CPU
		{01BDCDA1-8366-42F0-8ECB-56F45BB9E0AA}.Debug|iPhone.Build.0 = Debug|Any CPU
		{01BDCDA1-8366-42F0-8ECB-56F45BB9E0AA}.Debug|iPhoneSimulator.ActiveCfg = Debug|Any CPU
		{01BDCDA1-8366-42F0-8ECB-56F45BB9E0AA}.Debug|iPhoneSimulator.Build.0 = Debug|Any CPU
		{01BDCDA1-8366-42F0-8ECB-56F45BB9E0AA}.Release|Any CPU.ActiveCfg = Release|Any CPU
		{01BDCDA1-8366-42F0-8ECB-56F45BB9E0AA}.Release|Any CPU.Build.0 = Release|Any CPU
		{01BDCDA1-8366-42F0-8ECB-56F45BB9E0AA}.Release|iPhone.ActiveCfg = Release|Any CPU
		{01BDCDA1-8366-42F0-8ECB-56F45BB9E0AA}.Release|iPhone.Build.0 = Release|Any CPU
		{01BDCDA1-8366-42F0-8ECB-56F45BB9E0AA}.Release|iPhoneSimulator.ActiveCfg = Release|Any CPU
		{01BDCDA1-8366-42F0-8ECB-56F45BB9E0AA}.Release|iPhoneSimulator.Build.0 = Release|Any CPU
		{2465347F-F64F-4AA2-BFEB-C3922B094237}.Ad-Hoc|Any CPU.ActiveCfg = Debug|Any CPU
		{2465347F-F64F-4AA2-BFEB-C3922B094237}.Ad-Hoc|Any CPU.Build.0 = Debug|Any CPU
		{2465347F-F64F-4AA2-BFEB-C3922B094237}.Ad-Hoc|iPhone.ActiveCfg = Debug|Any CPU
		{2465347F-F64F-4AA2-BFEB-C3922B094237}.Ad-Hoc|iPhone.Build.0 = Debug|Any CPU
		{2465347F-F64F-4AA2-BFEB-C3922B094237}.Ad-Hoc|iPhoneSimulator.ActiveCfg = Debug|Any CPU
		{2465347F-F64F-4AA2-BFEB-C3922B094237}.Ad-Hoc|iPhoneSimulator.Build.0 = Debug|Any CPU
		{2465347F-F64F-4AA2-BFEB-C3922B094237}.AppStore|Any CPU.ActiveCfg = Debug|Any CPU
		{2465347F-F64F-4AA2-BFEB-C3922B094237}.AppStore|Any CPU.Build.0 = Debug|Any CPU
		{2465347F-F64F-4AA2-BFEB-C3922B094237}.AppStore|iPhone.ActiveCfg = Debug|Any CPU
		{2465347F-F64F-4AA2-BFEB-C3922B094237}.AppStore|iPhone.Build.0 = Debug|Any CPU
		{2465347F-F64F-4AA2-BFEB-C3922B094237}.AppStore|iPhoneSimulator.ActiveCfg = Debug|Any CPU
		{2465347F-F64F-4AA2-BFEB-C3922B094237}.AppStore|iPhoneSimulator.Build.0 = Debug|Any CPU
		{2465347F-F64F-4AA2-BFEB-C3922B094237}.Debug|Any CPU.ActiveCfg = Debug|Any CPU
		{2465347F-F64F-4AA2-BFEB-C3922B094237}.Debug|Any CPU.Build.0 = Debug|Any CPU
		{2465347F-F64F-4AA2-BFEB-C3922B094237}.Debug|iPhone.ActiveCfg = Debug|Any CPU
		{2465347F-F64F-4AA2-BFEB-C3922B094237}.Debug|iPhone.Build.0 = Debug|Any CPU
		{2465347F-F64F-4AA2-BFEB-C3922B094237}.Debug|iPhoneSimulator.ActiveCfg = Debug|Any CPU
		{2465347F-F64F-4AA2-BFEB-C3922B094237}.Debug|iPhoneSimulator.Build.0 = Debug|Any CPU
		{2465347F-F64F-4AA2-BFEB-C3922B094237}.Release|Any CPU.ActiveCfg = Release|Any CPU
		{2465347F-F64F-4AA2-BFEB-C3922B094237}.Release|Any CPU.Build.0 = Release|Any CPU
		{2465347F-F64F-4AA2-BFEB-C3922B094237}.Release|iPhone.ActiveCfg = Release|Any CPU
		{2465347F-F64F-4AA2-BFEB-C3922B094237}.Release|iPhone.Build.0 = Release|Any CPU
		{2465347F-F64F-4AA2-BFEB-C3922B094237}.Release|iPhoneSimulator.ActiveCfg = Release|Any CPU
		{2465347F-F64F-4AA2-BFEB-C3922B094237}.Release|iPhoneSimulator.Build.0 = Release|Any CPU
		{8719D83C-B97A-4759-8507-02CBDD54975C}.Ad-Hoc|Any CPU.ActiveCfg = Debug|Any CPU
		{8719D83C-B97A-4759-8507-02CBDD54975C}.Ad-Hoc|Any CPU.Build.0 = Debug|Any CPU
		{8719D83C-B97A-4759-8507-02CBDD54975C}.Ad-Hoc|Any CPU.Deploy.0 = Debug|Any CPU
		{8719D83C-B97A-4759-8507-02CBDD54975C}.Ad-Hoc|iPhone.ActiveCfg = Debug|Any CPU
		{8719D83C-B97A-4759-8507-02CBDD54975C}.Ad-Hoc|iPhone.Build.0 = Debug|Any CPU
		{8719D83C-B97A-4759-8507-02CBDD54975C}.Ad-Hoc|iPhone.Deploy.0 = Debug|Any CPU
		{8719D83C-B97A-4759-8507-02CBDD54975C}.Ad-Hoc|iPhoneSimulator.ActiveCfg = Debug|Any CPU
		{8719D83C-B97A-4759-8507-02CBDD54975C}.Ad-Hoc|iPhoneSimulator.Build.0 = Debug|Any CPU
		{8719D83C-B97A-4759-8507-02CBDD54975C}.Ad-Hoc|iPhoneSimulator.Deploy.0 = Debug|Any CPU
		{8719D83C-B97A-4759-8507-02CBDD54975C}.AppStore|Any CPU.ActiveCfg = Debug|Any CPU
		{8719D83C-B97A-4759-8507-02CBDD54975C}.AppStore|Any CPU.Build.0 = Debug|Any CPU
		{8719D83C-B97A-4759-8507-02CBDD54975C}.AppStore|Any CPU.Deploy.0 = Debug|Any CPU
		{8719D83C-B97A-4759-8507-02CBDD54975C}.AppStore|iPhone.ActiveCfg = Debug|Any CPU
		{8719D83C-B97A-4759-8507-02CBDD54975C}.AppStore|iPhone.Build.0 = Debug|Any CPU
		{8719D83C-B97A-4759-8507-02CBDD54975C}.AppStore|iPhone.Deploy.0 = Debug|Any CPU
		{8719D83C-B97A-4759-8507-02CBDD54975C}.AppStore|iPhoneSimulator.ActiveCfg = Debug|Any CPU
		{8719D83C-B97A-4759-8507-02CBDD54975C}.AppStore|iPhoneSimulator.Build.0 = Debug|Any CPU
		{8719D83C-B97A-4759-8507-02CBDD54975C}.AppStore|iPhoneSimulator.Deploy.0 = Debug|Any CPU
		{8719D83C-B97A-4759-8507-02CBDD54975C}.Debug|Any CPU.ActiveCfg = Debug|Any CPU
		{8719D83C-B97A-4759-8507-02CBDD54975C}.Debug|Any CPU.Build.0 = Debug|Any CPU
		{8719D83C-B97A-4759-8507-02CBDD54975C}.Debug|Any CPU.Deploy.0 = Debug|Any CPU
		{8719D83C-B97A-4759-8507-02CBDD54975C}.Debug|iPhone.ActiveCfg = Debug|Any CPU
		{8719D83C-B97A-4759-8507-02CBDD54975C}.Debug|iPhone.Build.0 = Debug|Any CPU
		{8719D83C-B97A-4759-8507-02CBDD54975C}.Debug|iPhone.Deploy.0 = Debug|Any CPU
		{8719D83C-B97A-4759-8507-02CBDD54975C}.Debug|iPhoneSimulator.ActiveCfg = Debug|Any CPU
		{8719D83C-B97A-4759-8507-02CBDD54975C}.Debug|iPhoneSimulator.Build.0 = Debug|Any CPU
		{8719D83C-B97A-4759-8507-02CBDD54975C}.Debug|iPhoneSimulator.Deploy.0 = Debug|Any CPU
		{8719D83C-B97A-4759-8507-02CBDD54975C}.Release|Any CPU.ActiveCfg = Release|Any CPU
		{8719D83C-B97A-4759-8507-02CBDD54975C}.Release|Any CPU.Build.0 = Release|Any CPU
		{8719D83C-B97A-4759-8507-02CBDD54975C}.Release|Any CPU.Deploy.0 = Release|Any CPU
		{8719D83C-B97A-4759-8507-02CBDD54975C}.Release|iPhone.ActiveCfg = Release|Any CPU
		{8719D83C-B97A-4759-8507-02CBDD54975C}.Release|iPhone.Build.0 = Release|Any CPU
		{8719D83C-B97A-4759-8507-02CBDD54975C}.Release|iPhone.Deploy.0 = Release|Any CPU
		{8719D83C-B97A-4759-8507-02CBDD54975C}.Release|iPhoneSimulator.ActiveCfg = Release|Any CPU
		{8719D83C-B97A-4759-8507-02CBDD54975C}.Release|iPhoneSimulator.Build.0 = Release|Any CPU
		{8719D83C-B97A-4759-8507-02CBDD54975C}.Release|iPhoneSimulator.Deploy.0 = Release|Any CPU
		{0E388905-21EA-4DFB-A390-C9806B70092A}.Ad-Hoc|Any CPU.ActiveCfg = Ad-Hoc|iPhoneSimulator
		{0E388905-21EA-4DFB-A390-C9806B70092A}.Ad-Hoc|iPhone.ActiveCfg = Ad-Hoc|iPhone
		{0E388905-21EA-4DFB-A390-C9806B70092A}.Ad-Hoc|iPhone.Build.0 = Ad-Hoc|iPhone
		{0E388905-21EA-4DFB-A390-C9806B70092A}.Ad-Hoc|iPhoneSimulator.ActiveCfg = Ad-Hoc|iPhoneSimulator
		{0E388905-21EA-4DFB-A390-C9806B70092A}.Ad-Hoc|iPhoneSimulator.Build.0 = Ad-Hoc|iPhoneSimulator
		{0E388905-21EA-4DFB-A390-C9806B70092A}.AppStore|Any CPU.ActiveCfg = AppStore|iPhoneSimulator
		{0E388905-21EA-4DFB-A390-C9806B70092A}.AppStore|iPhone.ActiveCfg = AppStore|iPhone
		{0E388905-21EA-4DFB-A390-C9806B70092A}.AppStore|iPhone.Build.0 = AppStore|iPhone
		{0E388905-21EA-4DFB-A390-C9806B70092A}.AppStore|iPhoneSimulator.ActiveCfg = AppStore|iPhoneSimulator
		{0E388905-21EA-4DFB-A390-C9806B70092A}.AppStore|iPhoneSimulator.Build.0 = AppStore|iPhoneSimulator
		{0E388905-21EA-4DFB-A390-C9806B70092A}.Debug|Any CPU.ActiveCfg = Debug|iPhoneSimulator
		{0E388905-21EA-4DFB-A390-C9806B70092A}.Debug|iPhone.ActiveCfg = Debug|iPhone
		{0E388905-21EA-4DFB-A390-C9806B70092A}.Debug|iPhone.Build.0 = Debug|iPhone
		{0E388905-21EA-4DFB-A390-C9806B70092A}.Debug|iPhoneSimulator.ActiveCfg = Debug|iPhoneSimulator
		{0E388905-21EA-4DFB-A390-C9806B70092A}.Debug|iPhoneSimulator.Build.0 = Debug|iPhoneSimulator
		{0E388905-21EA-4DFB-A390-C9806B70092A}.Release|Any CPU.ActiveCfg = Release|iPhoneSimulator
		{0E388905-21EA-4DFB-A390-C9806B70092A}.Release|iPhone.ActiveCfg = Release|iPhone
		{0E388905-21EA-4DFB-A390-C9806B70092A}.Release|iPhone.Build.0 = Release|iPhone
		{0E388905-21EA-4DFB-A390-C9806B70092A}.Release|iPhoneSimulator.ActiveCfg = Release|iPhoneSimulator
		{0E388905-21EA-4DFB-A390-C9806B70092A}.Release|iPhoneSimulator.Build.0 = Release|iPhoneSimulator
		{B416B625-538E-41BB-A9C6-AB6F0E0B07E3}.Ad-Hoc|Any CPU.ActiveCfg = Debug|Any CPU
		{B416B625-538E-41BB-A9C6-AB6F0E0B07E3}.Ad-Hoc|Any CPU.Build.0 = Debug|Any CPU
		{B416B625-538E-41BB-A9C6-AB6F0E0B07E3}.Ad-Hoc|iPhone.ActiveCfg = Debug|Any CPU
		{B416B625-538E-41BB-A9C6-AB6F0E0B07E3}.Ad-Hoc|iPhone.Build.0 = Debug|Any CPU
		{B416B625-538E-41BB-A9C6-AB6F0E0B07E3}.Ad-Hoc|iPhoneSimulator.ActiveCfg = Debug|Any CPU
		{B416B625-538E-41BB-A9C6-AB6F0E0B07E3}.Ad-Hoc|iPhoneSimulator.Build.0 = Debug|Any CPU
		{B416B625-538E-41BB-A9C6-AB6F0E0B07E3}.AppStore|Any CPU.ActiveCfg = Debug|Any CPU
		{B416B625-538E-41BB-A9C6-AB6F0E0B07E3}.AppStore|Any CPU.Build.0 = Debug|Any CPU
		{B416B625-538E-41BB-A9C6-AB6F0E0B07E3}.AppStore|iPhone.ActiveCfg = Debug|Any CPU
		{B416B625-538E-41BB-A9C6-AB6F0E0B07E3}.AppStore|iPhone.Build.0 = Debug|Any CPU
		{B416B625-538E-41BB-A9C6-AB6F0E0B07E3}.AppStore|iPhoneSimulator.ActiveCfg = Debug|Any CPU
		{B416B625-538E-41BB-A9C6-AB6F0E0B07E3}.AppStore|iPhoneSimulator.Build.0 = Debug|Any CPU
		{B416B625-538E-41BB-A9C6-AB6F0E0B07E3}.Debug|Any CPU.ActiveCfg = Debug|Any CPU
		{B416B625-538E-41BB-A9C6-AB6F0E0B07E3}.Debug|Any CPU.Build.0 = Debug|Any CPU
		{B416B625-538E-41BB-A9C6-AB6F0E0B07E3}.Debug|iPhone.ActiveCfg = Debug|Any CPU
		{B416B625-538E-41BB-A9C6-AB6F0E0B07E3}.Debug|iPhone.Build.0 = Debug|Any CPU
		{B416B625-538E-41BB-A9C6-AB6F0E0B07E3}.Debug|iPhoneSimulator.ActiveCfg = Debug|Any CPU
		{B416B625-538E-41BB-A9C6-AB6F0E0B07E3}.Debug|iPhoneSimulator.Build.0 = Debug|Any CPU
		{B416B625-538E-41BB-A9C6-AB6F0E0B07E3}.Release|Any CPU.ActiveCfg = Release|Any CPU
		{B416B625-538E-41BB-A9C6-AB6F0E0B07E3}.Release|Any CPU.Build.0 = Release|Any CPU
		{B416B625-538E-41BB-A9C6-AB6F0E0B07E3}.Release|iPhone.ActiveCfg = Release|Any CPU
		{B416B625-538E-41BB-A9C6-AB6F0E0B07E3}.Release|iPhone.Build.0 = Release|Any CPU
		{B416B625-538E-41BB-A9C6-AB6F0E0B07E3}.Release|iPhoneSimulator.ActiveCfg = Release|Any CPU
		{B416B625-538E-41BB-A9C6-AB6F0E0B07E3}.Release|iPhoneSimulator.Build.0 = Release|Any CPU
	EndGlobalSection
	GlobalSection(SolutionProperties) = preSolution
		HideSolutionNode = FALSE
	EndGlobalSection
	GlobalSection(ExtensibilityGlobals) = postSolution
		SolutionGuid = {74E360DF-8C7A-4C8E-AF68-9BB8DC8B6946}
	EndGlobalSection
EndGlobal
